
Microsoft Visual Studio Solution File, Format Version 12.00
# Visual Studio Version 16
VisualStudioVersion = 16.0.31410.357
MinimumVisualStudioVersion = 10.0.40219.1
Project("{9A19103F-16F7-4668-BE54-9A1E7A4F7556}") = "IndianStateCenusAnalyser", "IndianStateCenusAnalyser.csproj", "{3F4FD93B-98D1-4276-BD35-0F35F242B8BE}"
EndProject
Project("{FAE04EC0-301F-11D3-BF4B-00C04F79EFBC}") = "NUnitTest", "..\NUnitTest\NUnitTest.csproj", "{20C0A8E6-D4D2-4411-BFC9-363901CA642A}"
EndProject
Global
	GlobalSection(SolutionConfigurationPlatforms) = preSolution
		Debug|Any CPU = Debug|Any CPU
		Release|Any CPU = Release|Any CPU
	EndGlobalSection
	GlobalSection(ProjectConfigurationPlatforms) = postSolution
		{3F4FD93B-98D1-4276-BD35-0F35F242B8BE}.Debug|Any CPU.ActiveCfg = Debug|Any CPU
		{3F4FD93B-98D1-4276-BD35-0F35F242B8BE}.Debug|Any CPU.Build.0 = Debug|Any CPU
		{3F4FD93B-98D1-4276-BD35-0F35F242B8BE}.Release|Any CPU.ActiveCfg = Release|Any CPU
		{3F4FD93B-98D1-4276-BD35-0F35F242B8BE}.Release|Any CPU.Build.0 = Release|Any CPU
		{20C0A8E6-D4D2-4411-BFC9-363901CA642A}.Debug|Any CPU.ActiveCfg = Debug|Any CPU
		{20C0A8E6-D4D2-4411-BFC9-363901CA642A}.Debug|Any CPU.Build.0 = Debug|Any CPU
		{20C0A8E6-D4D2-4411-BFC9-363901CA642A}.Release|Any CPU.ActiveCfg = Release|Any CPU
		{20C0A8E6-D4D2-4411-BFC9-363901CA642A}.Release|Any CPU.Build.0 = Release|Any CPU
	EndGlobalSection
	GlobalSection(SolutionProperties) = preSolution
		HideSolutionNode = FALSE
	EndGlobalSection
	GlobalSection(ExtensibilityGlobals) = postSolution
		SolutionGuid = {A409CD68-37F5-4725-9DE3-6D7AC41EDA32}
	EndGlobalSection
EndGlobal
